PODS:
  - CTMediator (18)
  - TargetActionComponentA (0.2.0):
    - CTMediator

DEPENDENCIES:
  - TargetActionComponentA (from `../`)

SPEC REPOS:
  https://github.com/cocoapods/specs.git:
    - CTMediator

EXTERNAL SOURCES:
  TargetActionComponentA:
    :path: "../"

SPEC CHECKSUMS:
  CTMediator: 420e9d90f9f1fd740caf2238ed7ed64dc621c5b7
  TargetActionComponentA: 396030a098f67312323d2af9851176f3afe47800

PODFILE CHECKSUM: 1c826069fb3d6025653c88580a3ef03a9d46b436

COCOAPODS: 1.5.3
